PODS:
  - Alamofire (5.0.0-beta.2)
  - SDWebImage (4.4.5):
    - SDWebImage/Core (= 4.4.5)
  - SDWebImage/Core (4.4.5)
  - SwiftyJSON (4.2.0)

DEPENDENCIES:
  - Alamofire (from `https://github.com/Alamofire/Alamofire`)
  - SDWebImage
  - SwiftyJSON

SPEC REPOS:
  https://github.com/cocoapods/specs.git:
    - SDWebImage
    - SwiftyJSON

EXTERNAL SOURCES:
  Alamofire:
    :git: https://github.com/Alamofire/Alamofire

CHECKOUT OPTIONS:
  Alamofire:
    :commit: 05e5aef950d22d1856b322e14abf955cf55d3f42
    :git: https://github.com/Alamofire/Alamofire

SPEC CHECKSUMS:
  Alamofire: d1e5493588babe3e7b56ae29e8032942f4de09fe
  SDWebImage: ecc03494e973b93b80213649d32175f8d2d17d4d
  SwiftyJSON: c4bcba26dd9ec7a027fc8eade48e2c911f229e96

PODFILE CHECKSUM: cef0790cc2a97d5ff05042821caf3504b0c37f0e

COCOAPODS: 1.6.0
